// !$*UTF8*$!
{
	archiveVersion = 1;
	classes = {
	};
	objectVersion = 56;
	objects = {

/* Begin PBXBuildFile section */
		B585A8062CD74DA100382A4F /* _7_DownloadingImagesApp.swift in Sources */ = {isa = PBXBuildFile; fileRef = B585A8052CD74DA100382A4F /* _7_DownloadingImagesApp.swift */; };
		B585A80A2CD74DA200382A4F /* Assets.xcassets in Resources */ = {isa = PBXBuildFile; fileRef = B585A8092CD74DA200382A4F /* Assets.xcassets */; };
		B585A80D2CD74DA200382A4F /* Preview Assets.xcassets in Resources */ = {isa = PBXBuildFile; fileRef = B585A80C2CD74DA200382A4F /* Preview Assets.xcassets */; };
		B585A8182CD74E3700382A4F /* DownloadingImages.swift in Sources */ = {isa = PBXBuildFile; fileRef = B585A8172CD74E3700382A4F /* DownloadingImages.swift */; };
		B585A81A2CD7505500382A4F /* PhotoModel.swift in Sources */ = {isa = PBXBuildFile; fileRef = B585A8192CD7505500382A4F /* PhotoModel.swift */; };
		B585A81C2CD750C600382A4F /* DownloadingImagesViewModel.swift in Sources */ = {isa = PBXBuildFile; fileRef = B585A81B2CD750C600382A4F /* DownloadingImagesViewModel.swift */; };
		B585A81E2CD751FB00382A4F /* PhotoModelDataService.swift in Sources */ = {isa = PBXBuildFile; fileRef = B585A81D2CD751FB00382A4F /* PhotoModelDataService.swift */; };
/* End PBXBuildFile section */

/* Begin PBXFileReference section */
		B585A8022CD74DA100382A4F /* 07-DownloadingImages.app */ = {isa = PBXFileReference; explicitFileType = wrapper.application; includeInIndex = 0; path = "07-DownloadingImages.app"; sourceTree = BUILT_PRODUCTS_DIR; };
		B585A8052CD74DA100382A4F /* _7_DownloadingImagesApp.swift */ = {isa = PBXFileReference; lastKnownFileType = sourcecode.swift; path = _7_DownloadingImagesApp.swift; sourceTree = "<group>"; };
		B585A8092CD74DA200382A4F /* Assets.xcassets */ = {isa = PBXFileReference; lastKnownFileType = folder.assetcatalog; path = Assets.xcassets; sourceTree = "<group>"; };
		B585A80C2CD74DA200382A4F /* Preview Assets.xcassets */ = {isa = PBXFileReference; lastKnownFileType = folder.assetcatalog; path = "Preview Assets.xcassets"; sourceTree = "<group>"; };
		B585A8172CD74E3700382A4F /* DownloadingImages.swift */ = {isa = PBXFileReference; lastKnownFileType = sourcecode.swift; path = DownloadingImages.swift; sourceTree = "<group>"; };
		B585A8192CD7505500382A4F /* PhotoModel.swift */ = {isa = PBXFileReference; lastKnownFileType = sourcecode.swift; path = PhotoModel.swift; sourceTree = "<group>"; };
		B585A81B2CD750C600382A4F /* DownloadingImagesViewModel.swift */ = {isa = PBXFileReference; lastKnownFileType = sourcecode.swift; path = DownloadingImagesViewModel.swift; sourceTree = "<group>"; };
		B585A81D2CD751FB00382A4F /* PhotoModelDataService.swift */ = {isa = PBXFileReference; lastKnownFileType = sourcecode.swift; path = PhotoModelDataService.swift; sourceTree = "<group>"; };
/* End PBXFileReference section */

/* Begin PBXFrameworksBuildPhase section */
		B585A7FF2CD74DA100382A4F /* Frameworks */ = {
			isa = PBXFrameworksBuildPhase;
			buildActionMask = 2147483647;
			files = (
			);
			runOnlyForDeploymentPostprocessing = 0;
		};
/* End PBXFrameworksBuildPhase section */

/* Begin PBXGroup section */
		B585A7F92CD74DA100382A4F = {
			isa = PBXGroup;
			children = (
				B585A8042CD74DA100382A4F /* 07-DownloadingImages */,
				B585A8032CD74DA100382A4F /* Products */,
			);
			sourceTree = "<group>";
		};
		B585A8032CD74DA100382A4F /* Products */ = {
			isa = PBXGroup;
			children = (
				B585A8022CD74DA100382A4F /* 07-DownloadingImages.app */,
			);
			name = Products;
			sourceTree = "<group>";
		};
		B585A8042CD74DA100382A4F /* 07-DownloadingImages */ = {
			isa = PBXGroup;
			children = (
				B585A8162CD74E0800382A4F /* Models */,
				B585A8152CD74E0300382A4F /* Views */,
				B585A8142CD74DFA00382A4F /* ViewModels */,
				B585A8132CD74DEE00382A4F /* Utilities */,
				B585A8052CD74DA100382A4F /* _7_DownloadingImagesApp.swift */,
				B585A8092CD74DA200382A4F /* Assets.xcassets */,
				B585A80B2CD74DA200382A4F /* Preview Content */,
			);
			path = "07-DownloadingImages";
			sourceTree = "<group>";
		};
		B585A80B2CD74DA200382A4F /* Preview Content */ = {
			isa = PBXGroup;
			children = (
				B585A80C2CD74DA200382A4F /* Preview Assets.xcassets */,
			);
			path = "Preview Content";
			sourceTree = "<group>";
		};
		B585A8132CD74DEE00382A4F /* Utilities */ = {
			isa = PBXGroup;
			children = (
				B585A81D2CD751FB00382A4F /* PhotoModelDataService.swift */,
			);
			path = Utilities;
			sourceTree = "<group>";
		};
		B585A8142CD74DFA00382A4F /* ViewModels */ = {
			isa = PBXGroup;
			children = (
				B585A81B2CD750C600382A4F /* DownloadingImagesViewModel.swift */,
			);
			path = ViewModels;
			sourceTree = "<group>";
		};
		B585A8152CD74E0300382A4F /* Views */ = {
			isa = PBXGroup;
			children = (
				B585A8172CD74E3700382A4F /* DownloadingImages.swift */,
			);
			path = Views;
			sourceTree = "<group>";
		};
		B585A8162CD74E0800382A4F /* Models */ = {
			isa = PBXGroup;
			children = (
				B585A8192CD7505500382A4F /* PhotoModel.swift */,
			);
			path = Models;
			sourceTree = "<group>";
		};
/* End PBXGroup section */

/* Begin PBXNativeTarget section */
		B585A8012CD74DA100382A4F /* 07-DownloadingImages */ = {
			isa = PBXNativeTarget;
			buildConfigurationList = B585A8102CD74DA200382A4F /* Build configuration list for PBXNativeTarget "07-DownloadingImages" */;
			buildPhases = (
				B585A7FE2CD74DA100382A4F /* Sources */,
				B585A7FF2CD74DA100382A4F /* Frameworks */,
				B585A8002CD74DA100382A4F /* Resources */,
			);
			buildRules = (
			);
			dependencies = (
			);
			name = "07-DownloadingImages";
			productName = "07-DownloadingImages";
			productReference = B585A8022CD74DA100382A4F /* 07-DownloadingImages.app */;
			productType = "com.apple.product-type.application";
		};
/* End PBXNativeTarget section */

/* Begin PBXProject section */
		B585A7FA2CD74DA100382A4F /* Project object */ = {
			isa = PBXProject;
			attributes = {
				BuildIndependentTargetsInParallel = 1;
				LastSwiftUpdateCheck = 1530;
				LastUpgradeCheck = 1530;
				TargetAttributes = {
					B585A8012CD74DA100382A4F = {
						CreatedOnToolsVersion = 15.3;
					};
				};
			};
			buildConfigurationList = B585A7FD2CD74DA100382A4F /* Build configuration list for PBXProject "07-DownloadingImages" */;
			compatibilityVersion = "Xcode 14.0";
			developmentRegion = en;
			hasScannedForEncodings = 0;
			knownRegions = (
				en,
				Base,
			);
			mainGroup = B585A7F92CD74DA100382A4F;
			productRefGroup = B585A8032CD74DA100382A4F /* Products */;
			projectDirPath = "";
			projectRoot = "";
			targets = (
				B585A8012CD74DA100382A4F /* 07-DownloadingImages */,
			);
		};
/* End PBXProject section */

/* Begin PBXResourcesBuildPhase section */
		B585A8002CD74DA100382A4F /* Resources */ = {
			isa = PBXResourcesBuildPhase;
			buildActionMask = 2147483647;
			files = (
				B585A80D2CD74DA200382A4F /* Preview Assets.xcassets in Resources */,
				B585A80A2CD74DA200382A4F /* Assets.xcassets in Resources */,
			);
			runOnlyForDeploymentPostprocessing = 0;
		};
/* End PBXResourcesBuildPhase section */

/* Begin PBXSourcesBuildPhase section */
		B585A7FE2CD74DA100382A4F /* Sources */ = {
			isa = PBXSourcesBuildPhase;
			buildActionMask = 2147483647;
			files = (
				B585A81A2CD7505500382A4F /* PhotoModel.swift in Sources */,
				B585A81E2CD751FB00382A4F /* PhotoModelDataService.swift in Sources */,
				B585A8062CD74DA100382A4F /* _7_DownloadingImagesApp.swift in Sources */,
				B585A81C2CD750C600382A4F /* DownloadingImagesViewModel.swift in Sources */,
				B585A8182CD74E3700382A4F /* DownloadingImages.swift in Sources */,
			);
			runOnlyForDeploymentPostprocessing = 0;
		};
/* End PBXSourcesBuildPhase section */

/* Begin XCBuildConfiguration section */
		B585A80E2CD74DA200382A4F /* Debug */ = {
			isa = XCBuildConfiguration;
			buildSettings = {
				ALWAYS_SEARCH_USER_PATHS = NO;
				ASSETCATALOG_COMPILER_GENERATE_SWIFT_ASSET_SYMBOL_EXTENSIONS = YES;
				CLANG_ANALYZER_NONNULL = YES;
				CLANG_ANALYZER_NUMBER_OBJECT_CONVERSION = YES_AGGRESSIVE;
				CLANG_CXX_LANGUAGE_STANDARD = "gnu++20";
				CLANG_ENABLE_MODULES = YES;
				CLANG_ENABLE_OBJC_ARC = YES;
				CLANG_ENABLE_OBJC_WEAK = YES;
				CLANG_WARN_BLOCK_CAPTURE_AUTORELEASING = YES;
				CLANG_WARN_BOOL_CONVERSION = YES;
				CLANG_WARN_COMMA = YES;
				CLANG_WARN_CONSTANT_CONVERSION = YES;
				CLANG_WARN_DEPRECATED_OBJC_IMPLEMENTATIONS = YES;
				CLANG_WARN_DIRECT_OBJC_ISA_USAGE = YES_ERROR;
				CLANG_WARN_DOCUMENTATION_COMMENTS = YES;
				CLANG_WARN_EMPTY_BODY = YES;
				CLANG_WARN_ENUM_CONVERSION = YES;
				CLANG_WARN_INFINITE_RECURSION = YES;
				CLANG_WARN_INT_CONVERSION = YES;
				CLANG_WARN_NON_LITERAL_NULL_CONVERSION = YES;
				CLANG_WARN_OBJC_IMPLICIT_RETAIN_SELF = YES;
				CLANG_WARN_OBJC_LITERAL_CONVERSION = YES;
				CLANG_WARN_OBJC_ROOT_CLASS = YES_ERROR;
				CLANG_WARN_QUOTED_INCLUDE_IN_FRAMEWORK_HEADER = YES;
				CLANG_WARN_RANGE_LOOP_ANALYSIS = YES;
				CLANG_WARN_STRICT_PROTOTYPES = YES;
				CLANG_WARN_SUSPICIOUS_MOVE = YES;
				CLANG_WARN_UNGUARDED_AVAILABILITY = YES_AGGRESSIVE;
				CLANG_WARN_UNREACHABLE_CODE = YES;
				CLANG_WARN__DUPLICATE_METHOD_MATCH = YES;
				COPY_PHASE_STRIP = NO;
				DEBUG_INFORMATION_FORMAT = dwarf;
				ENABLE_STRICT_OBJC_MSGSEND = YES;
				ENABLE_TESTABILITY = YES;
				ENABLE_USER_SCRIPT_SANDBOXING = YES;
				GCC_C_LANGUAGE_STANDARD = gnu17;
				GCC_DYNAMIC_NO_PIC = NO;
				GCC_NO_COMMON_BLOCKS = YES;
				GCC_OPTIMIZATION_LEVEL = 0;
				GCC_PREPROCESSOR_DEFINITIONS = (
					"DEBUG=1",
					"$(inherited)",
				);
				GCC_WARN_64_TO_32_BIT_CONVERSION = YES;
				GCC_WARN_ABOUT_RETURN_TYPE = YES_ERROR;
				GCC_WARN_UNDECLARED_SELECTOR = YES;
				GCC_WARN_UNINITIALIZED_AUTOS = YES_AGGRESSIVE;
				GCC_WARN_UNUSED_FUNCTION = YES;
				GCC_WARN_UNUSED_VARIABLE = YES;
				IPHONEOS_DEPLOYMENT_TARGET = 17.4;
				LOCALIZATION_PREFERS_STRING_CATALOGS = YES;
				MTL_ENABLE_DEBUG_INFO = INCLUDE_SOURCE;
				MTL_FAST_MATH = YES;
				ONLY_ACTIVE_ARCH = YES;
				SDKROOT = iphoneos;
				SWIFT_ACTIVE_COMPILATION_CONDITIONS = "DEBUG $(inherited)";
				SWIFT_OPTIMIZATION_LEVEL = "-Onone";
			};
			name = Debug;
		};
		B585A80F2CD74DA200382A4F /* Release */ = {
			isa = XCBuildConfiguration;
			buildSettings = {
				ALWAYS_SEARCH_USER_PATHS = NO;
				ASSETCATALOG_COMPILER_GENERATE_SWIFT_ASSET_SYMBOL_EXTENSIONS = YES;
				CLANG_ANALYZER_NONNULL = YES;
				CLANG_ANALYZER_NUMBER_OBJECT_CONVERSION = YES_AGGRESSIVE;
				CLANG_CXX_LANGUAGE_STANDARD = "gnu++20";
				CLANG_ENABLE_MODULES = YES;
				CLANG_ENABLE_OBJC_ARC = YES;
				CLANG_ENABLE_OBJC_WEAK = YES;
				CLANG_WARN_BLOCK_CAPTURE_AUTORELEASING = YES;
				CLANG_WARN_BOOL_CONVERSION = YES;
				CLANG_WARN_COMMA = YES;
				CLANG_WARN_CONSTANT_CONVERSION = YES;
				CLANG_WARN_DEPRECATED_OBJC_IMPLEMENTATIONS = YES;
				CLANG_WARN_DIRECT_OBJC_ISA_USAGE = YES_ERROR;
				CLANG_WARN_DOCUMENTATION_COMMENTS = YES;
				CLANG_WARN_EMPTY_BODY = YES;
				CLANG_WARN_ENUM_CONVERSION = YES;
				CLANG_WARN_INFINITE_RECURSION = YES;
				CLANG_WARN_INT_CONVERSION = YES;
				CLANG_WARN_NON_LITERAL_NULL_CONVERSION = YES;
				CLANG_WARN_OBJC_IMPLICIT_RETAIN_SELF = YES;
				CLANG_WARN_OBJC_LITERAL_CONVERSION = YES;
				CLANG_WARN_OBJC_ROOT_CLASS = YES_ERROR;
				CLANG_WARN_QUOTED_INCLUDE_IN_FRAMEWORK_HEADER = YES;
				CLANG_WARN_RANGE_LOOP_ANALYSIS = YES;
				CLANG_WARN_STRICT_PROTOTYPES = YES;
				CLANG_WARN_SUSPICIOUS_MOVE = YES;
				CLANG_WARN_UNGUARDED_AVAILABILITY = YES_AGGRESSIVE;
				CLANG_WARN_UNREACHABLE_CODE = YES;
				CLANG_WARN__DUPLICATE_METHOD_MATCH = YES;
				COPY_PHASE_STRIP = NO;
				DEBUG_INFORMATION_FORMAT = "dwarf-with-dsym";
				ENABLE_NS_ASSERTIONS = NO;
				ENABLE_STRICT_OBJC_MSGSEND = YES;
				ENABLE_USER_SCRIPT_SANDBOXING = YES;
				GCC_C_LANGUAGE_STANDARD = gnu17;
				GCC_NO_COMMON_BLOCKS = YES;
				GCC_WARN_64_TO_32_BIT_CONVERSION = YES;
				GCC_WARN_ABOUT_RETURN_TYPE = YES_ERROR;
				GCC_WARN_UNDECLARED_SELECTOR = YES;
				GCC_WARN_UNINITIALIZED_AUTOS = YES_AGGRESSIVE;
				GCC_WARN_UNUSED_FUNCTION = YES;
				GCC_WARN_UNUSED_VARIABLE = YES;
				IPHONEOS_DEPLOYMENT_TARGET = 17.4;
				LOCALIZATION_PREFERS_STRING_CATALOGS = YES;
				MTL_ENABLE_DEBUG_INFO = NO;
				MTL_FAST_MATH = YES;
				SDKROOT = iphoneos;
				SWIFT_COMPILATION_MODE = wholemodule;
				VALIDATE_PRODUCT = YES;
			};
			name = Release;
		};
		B585A8112CD74DA200382A4F /* Debug */ = {
			isa = XCBuildConfiguration;
			buildSettings = {
				ASSETCATALOG_COMPILER_APPICON_NAME = AppIcon;
				ASSETCATALOG_COMPILER_GLOBAL_ACCENT_COLOR_NAME = AccentColor;
				CODE_SIGN_STYLE = Automatic;
				CURRENT_PROJECT_VERSION = 1;
				DEVELOPMENT_ASSET_PATHS = "\"07-DownloadingImages/Preview Content\"";
				DEVELOPMENT_TEAM = 7TJ6PY5W65;
				ENABLE_PREVIEWS = YES;
				GENERATE_INFOPLIST_FILE = YES;
				INFOPLIST_KEY_UIApplicationSceneManifest_Generation = YES;
				INFOPLIST_KEY_UIApplicationSupportsIndirectInputEvents = YES;
				INFOPLIST_KEY_UILaunchScreen_Generation = YES;
				INFOPLIST_KEY_UISupportedInterfaceOrientations_iPad = "UIInterfaceOrientationPortrait UIInterfaceOrientationPortraitUpsideDown UIInterfaceOrientationLandscapeLeft UIInterfaceOrientationLandscapeRight";
				INFOPLIST_KEY_UISupportedInterfaceOrientations_iPhone = "UIInterfaceOrientationPortrait UIInterfaceOrientationLandscapeLeft UIInterfaceOrientationLandscapeRight";
				LD_RUNPATH_SEARCH_PATHS = (
					"$(inherited)",
					"@executable_path/Frameworks",
				);
				MARKETING_VERSION = 1.0;
				PRODUCT_BUNDLE_IDENTIFIER = "jothebug.-7-DownloadingImages";
				PRODUCT_NAME = "$(TARGET_NAME)";
				SWIFT_EMIT_LOC_STRINGS = YES;
				SWIFT_VERSION = 5.0;
				TARGETED_DEVICE_FAMILY = "1,2";
			};
			name = Debug;
		};
		B585A8122CD74DA200382A4F /* Release */ = {
			isa = XCBuildConfiguration;
			buildSettings = {
				ASSETCATALOG_COMPILER_APPICON_NAME = AppIcon;
				ASSETCATALOG_COMPILER_GLOBAL_ACCENT_COLOR_NAME = AccentColor;
				CODE_SIGN_STYLE = Automatic;
				CURRENT_PROJECT_VERSION = 1;
				DEVELOPMENT_ASSET_PATHS = "\"07-DownloadingImages/Preview Content\"";
				DEVELOPMENT_TEAM = 7TJ6PY5W65;
				ENABLE_PREVIEWS = YES;
				GENERATE_INFOPLIST_FILE = YES;
				INFOPLIST_KEY_UIApplicationSceneManifest_Generation = YES;
				INFOPLIST_KEY_UIApplicationSupportsIndirectInputEvents = YES;
				INFOPLIST_KEY_UILaunchScreen_Generation = YES;
				INFOPLIST_KEY_UISupportedInterfaceOrientations_iPad = "UIInterfaceOrientationPortrait UIInterfaceOrientationPortraitUpsideDown UIInterfaceOrientationLandscapeLeft UIInterfaceOrientationLandscapeRight";
				INFOPLIST_KEY_UISupportedInterfaceOrientations_iPhone = "UIInterfaceOrientationPortrait UIInterfaceOrientationLandscapeLeft UIInterfaceOrientationLandscapeRight";
				LD_RUNPATH_SEARCH_PATHS = (
					"$(inherited)",
					"@executable_path/Frameworks",
				);
				MARKETING_VERSION = 1.0;
				PRODUCT_BUNDLE_IDENTIFIER = "jothebug.-7-DownloadingImages";
				PRODUCT_NAME = "$(TARGET_NAME)";
				SWIFT_EMIT_LOC_STRINGS = YES;
				SWIFT_VERSION = 5.0;
				TARGETED_DEVICE_FAMILY = "1,2";
			};
			name = Release;
		};
/* End XCBuildConfiguration section */

/* Begin XCConfigurationList section */
		B585A7FD2CD74DA100382A4F /* Build configuration list for PBXProject "07-DownloadingImages" */ = {
			isa = XCConfigurationList;
			buildConfigurations = (
				B585A80E2CD74DA200382A4F /* Debug */,
				B585A80F2CD74DA200382A4F /* Release */,
			);
			defaultConfigurationIsVisible = 0;
			defaultConfigurationName = Release;
		};
		B585A8102CD74DA200382A4F /* Build configuration list for PBXNativeTarget "07-DownloadingImages" */ = {
			isa = XCConfigurationList;
			buildConfigurations = (
				B585A8112CD74DA200382A4F /* Debug */,
				B585A8122CD74DA200382A4F /* Release */,
			);
			defaultConfigurationIsVisible = 0;
			defaultConfigurationName = Release;
		};
/* End XCConfigurationList section */
	};
	rootObject = B585A7FA2CD74DA100382A4F /* Project object */;
}
